
Microsoft Visual Studio Solution File, Format Version 12.00
# Visual Studio 14
VisualStudioVersion = 14.0.25420.1
MinimumVisualStudioVersion = 10.0.40219.1
Project("{FAE04EC0-301F-11D3-BF4B-00C04F79EFBC}") = "Cleaner.API", "CleanerAPI\Cleaner.API.csproj", "{82FF67D4-562B-4C03-818B-16A01F81EDD3}"
EndProject
Project("{FAE04EC0-301F-11D3-BF4B-00C04F79EFBC}") = "Cleaner.Data (NOT USING)", "Cleaner.Data\Cleaner.Data (NOT USING).csproj", "{F38E74F9-2640-4253-B826-D01E2F56E0A4}"
EndProject
Project("{FAE04EC0-301F-11D3-BF4B-00C04F79EFBC}") = "Cleaner.Business", "Cleaner.Business\Cleaner.Business.csproj", "{8D7EC6E8-7547-4D9B-9910-FA0CF12AC998}"
EndProject
Project("{FAE04EC0-301F-11D3-BF4B-00C04F79EFBC}") = "Cleaner.Model", "Cleaner.Model\Cleaner.Model.csproj", "{C0181246-AA70-4F49-BD51-34FCC652E875}"
EndProject
Project("{FAE04EC0-301F-11D3-BF4B-00C04F79EFBC}") = "Cleaner.DataAccess", "DataAccess\Cleaner.DataAccess.csproj", "{B30D18E1-6722-42A8-AFA2-8FF1C9B862AE}"
EndProject
Global
	GlobalSection(SolutionConfigurationPlatforms) = preSolution
		Debug|Any CPU = Debug|Any CPU
		Release|Any CPU = Release|Any CPU
	EndGlobalSection
	GlobalSection(ProjectConfigurationPlatforms) = postSolution
		{82FF67D4-562B-4C03-818B-16A01F81EDD3}.Debug|Any CPU.ActiveCfg = Debug|Any CPU
		{82FF67D4-562B-4C03-818B-16A01F81EDD3}.Debug|Any CPU.Build.0 = Debug|Any CPU
		{82FF67D4-562B-4C03-818B-16A01F81EDD3}.Release|Any CPU.ActiveCfg = Release|Any CPU
		{82FF67D4-562B-4C03-818B-16A01F81EDD3}.Release|Any CPU.Build.0 = Release|Any CPU
		{F38E74F9-2640-4253-B826-D01E2F56E0A4}.Debug|Any CPU.ActiveCfg = Debug|Any CPU
		{F38E74F9-2640-4253-B826-D01E2F56E0A4}.Debug|Any CPU.Build.0 = Debug|Any CPU
		{F38E74F9-2640-4253-B826-D01E2F56E0A4}.Release|Any CPU.ActiveCfg = Release|Any CPU
		{F38E74F9-2640-4253-B826-D01E2F56E0A4}.Release|Any CPU.Build.0 = Release|Any CPU
		{8D7EC6E8-7547-4D9B-9910-FA0CF12AC998}.Debug|Any CPU.ActiveCfg = Debug|Any CPU
		{8D7EC6E8-7547-4D9B-9910-FA0CF12AC998}.Debug|Any CPU.Build.0 = Debug|Any CPU
		{8D7EC6E8-7547-4D9B-9910-FA0CF12AC998}.Release|Any CPU.ActiveCfg = Release|Any CPU
		{8D7EC6E8-7547-4D9B-9910-FA0CF12AC998}.Release|Any CPU.Build.0 = Release|Any CPU
		{C0181246-AA70-4F49-BD51-34FCC652E875}.Debug|Any CPU.ActiveCfg = Debug|Any CPU
		{C0181246-AA70-4F49-BD51-34FCC652E875}.Debug|Any CPU.Build.0 = Debug|Any CPU
		{C0181246-AA70-4F49-BD51-34FCC652E875}.Release|Any CPU.ActiveCfg = Release|Any CPU
		{C0181246-AA70-4F49-BD51-34FCC652E875}.Release|Any CPU.Build.0 = Release|Any CPU
		{B30D18E1-6722-42A8-AFA2-8FF1C9B862AE}.Debug|Any CPU.ActiveCfg = Debug|Any CPU
		{B30D18E1-6722-42A8-AFA2-8FF1C9B862AE}.Debug|Any CPU.Build.0 = Debug|Any CPU
		{B30D18E1-6722-42A8-AFA2-8FF1C9B862AE}.Release|Any CPU.ActiveCfg = Release|Any CPU
		{B30D18E1-6722-42A8-AFA2-8FF1C9B862AE}.Release|Any CPU.Build.0 = Release|Any CPU
	EndGlobalSection
	GlobalSection(SolutionProperties) = preSolution
		HideSolutionNode = FALSE
	EndGlobalSection
	GlobalSection(ExtensibilityGlobals) = postSolution
		SolutionGuid = {39C4F73D-35FF-4CCA-9C05-96B1639CEF34}
	EndGlobalSection
EndGlobal
